// !$*UTF8*$!
{
	archiveVersion = 1;
	classes = {
	};
	objectVersion = 51;
	objects = {

/* Begin PBXBuildFile section */
		2FC72CE7B70A086B6925B810 /* Pods_ParseIns_ParseInsUITests.framework in Frameworks */ = {isa = PBXBuildFile; fileRef = 951B2F1F3F95397FE41D283B /* Pods_ParseIns_ParseInsUITests.framework */; };
		A7CFFF0066084741A90DADC6 /* Pods_ParseInsTests.framework in Frameworks */ = {isa = PBXBuildFile; fileRef = C30CCF84CC735D2805BCEF82 /* Pods_ParseInsTests.framework */; };
		DF694A29264D1F640044EF71 /* CommentCell.swift in Sources */ = {isa = PBXBuildFile; fileRef = DF694A28264D1F640044EF71 /* CommentCell.swift */; };
		DFF5353826450EE6009A1879 /* AppDelegate.swift in Sources */ = {isa = PBXBuildFile; fileRef = DFF5353726450EE6009A1879 /* AppDelegate.swift */; };
		DFF5353A26450EE6009A1879 /* SceneDelegate.swift in Sources */ = {isa = PBXBuildFile; fileRef = DFF5353926450EE6009A1879 /* SceneDelegate.swift */; };
		DFF5353F26450EE6009A1879 /* Main.storyboard in Resources */ = {isa = PBXBuildFile; fileRef = DFF5353D26450EE6009A1879 /* Main.storyboard */; };
		DFF5354126450EE9009A1879 /* Assets.xcassets in Resources */ = {isa = PBXBuildFile; fileRef = DFF5354026450EE9009A1879 /* Assets.xcassets */; };
		DFF5354426450EE9009A1879 /* LaunchScreen.storyboard in Resources */ = {isa = PBXBuildFile; fileRef = DFF5354226450EE9009A1879 /* LaunchScreen.storyboard */; };
		DFF5354F26450EE9009A1879 /* ParseInsTests.swift in Sources */ = {isa = PBXBuildFile; fileRef = DFF5354E26450EE9009A1879 /* ParseInsTests.swift */; };
		DFF5355A26450EEA009A1879 /* ParseInsUITests.swift in Sources */ = {isa = PBXBuildFile; fileRef = DFF5355926450EEA009A1879 /* ParseInsUITests.swift */; };
		DFF535682645120B009A1879 /* LoginViewController.swift in Sources */ = {isa = PBXBuildFile; fileRef = DFF535672645120B009A1879 /* LoginViewController.swift */; };
		DFF5356A26451226009A1879 /* FeedViewController.swift in Sources */ = {isa = PBXBuildFile; fileRef = DFF5356926451226009A1879 /* FeedViewController.swift */; };
		DFF5356C26451E4B009A1879 /* CameraViewController.swift in Sources */ = {isa = PBXBuildFile; fileRef = DFF5356B26451E4B009A1879 /* CameraViewController.swift */; };
		DFF5356E26453308009A1879 /* PostTableViewCell.swift in Sources */ = {isa = PBXBuildFile; fileRef = DFF5356D26453308009A1879 /* PostTableViewCell.swift */; };
		F5D10096871FBB7794DD9BE9 /* Pods_ParseIns.framework in Frameworks */ = {isa = PBXBuildFile; fileRef = 56AD3A58F54A0058CA6AE143 /* Pods_ParseIns.framework */; };
/* End PBXBuildFile section */

/* Begin PBXContainerItemProxy section */
		DFF5354B26450EE9009A1879 /* PBXContainerItemProxy */ = {
			isa = PBXContainerItemProxy;
			containerPortal = DFF5352C26450EE6009A1879 /* Project object */;
			proxyType = 1;
			remoteGlobalIDString = DFF5353326450EE6009A1879;
			remoteInfo = ParseIns;
		};
		DFF5355626450EEA009A1879 /* PBXContainerItemProxy */ = {
			isa = PBXContainerItemProxy;
			containerPortal = DFF5352C26450EE6009A1879 /* Project object */;
			proxyType = 1;
			remoteGlobalIDString = DFF5353326450EE6009A1879;
			remoteInfo = ParseIns;
		};
/* End PBXContainerItemProxy section */

/* Begin PBXFileReference section */
		2DEE09D4EE8715FB698223C1 /* Pods-ParseIns.release.xcconfig */ = {isa = PBXFileReference; includeInIndex = 1; lastKnownFileType = text.xcconfig; name = "Pods-ParseIns.release.xcconfig"; path = "Target Support Files/Pods-ParseIns/Pods-ParseIns.release.xcconfig"; sourceTree = "<group>"; };
		56AD3A58F54A0058CA6AE143 /* Pods_ParseIns.framework */ = {isa = PBXFileReference; explicitFileType = wrapper.framework; includeInIndex = 0; path = Pods_ParseIns.framework; sourceTree = BUILT_PRODUCTS_DIR; };
		6C7F2C60B76E395FB02BA1C8 /* Pods-ParseInsTests.debug.xcconfig */ = {isa = PBXFileReference; includeInIndex = 1; lastKnownFileType = text.xcconfig; name = "Pods-ParseInsTests.debug.xcconfig"; path = "Target Support Files/Pods-ParseInsTests/Pods-ParseInsTests.debug.xcconfig"; sourceTree = "<group>"; };
		76C85090D63E2B5787222D7C /* Pods-ParseIns.debug.xcconfig */ = {isa = PBXFileReference; includeInIndex = 1; lastKnownFileType = text.xcconfig; name = "Pods-ParseIns.debug.xcconfig"; path = "Target Support Files/Pods-ParseIns/Pods-ParseIns.debug.xcconfig"; sourceTree = "<group>"; };
		951B2F1F3F95397FE41D283B /* Pods_ParseIns_ParseInsUITests.framework */ = {isa = PBXFileReference; explicitFileType = wrapper.framework; includeInIndex = 0; path = Pods_ParseIns_ParseInsUITests.framework; sourceTree = BUILT_PRODUCTS_DIR; };
		9A64977C4E7EED4A500FD9BC /* Pods-ParseIns-ParseInsUITests.release.xcconfig */ = {isa = PBXFileReference; includeInIndex = 1; lastKnownFileType = text.xcconfig; name = "Pods-ParseIns-ParseInsUITests.release.xcconfig"; path = "Target Support Files/Pods-ParseIns-ParseInsUITests/Pods-ParseIns-ParseInsUITests.release.xcconfig"; sourceTree = "<group>"; };
		C30CCF84CC735D2805BCEF82 /* Pods_ParseInsTests.framework */ = {isa = PBXFileReference; explicitFileType = wrapper.framework; includeInIndex = 0; path = Pods_ParseInsTests.framework; sourceTree = BUILT_PRODUCTS_DIR; };
		CD94D94BBB6773D372ACBDE0 /* Pods-ParseInsTests.release.xcconfig */ = {isa = PBXFileReference; includeInIndex = 1; lastKnownFileType = text.xcconfig; name = "Pods-ParseInsTests.release.xcconfig"; path = "Target Support Files/Pods-ParseInsTests/Pods-ParseInsTests.release.xcconfig"; sourceTree = "<group>"; };
		D8EE77CF2935931C1C5115FD /* Pods-ParseIns-ParseInsUITests.debug.xcconfig */ = {isa = PBXFileReference; includeInIndex = 1; lastKnownFileType = text.xcconfig; name = "Pods-ParseIns-ParseInsUITests.debug.xcconfig"; path = "Target Support Files/Pods-ParseIns-ParseInsUITests/Pods-ParseIns-ParseInsUITests.debug.xcconfig"; sourceTree = "<group>"; };
		DF694A28264D1F640044EF71 /* CommentCell.swift */ = {isa = PBXFileReference; lastKnownFileType = sourcecode.swift; path = CommentCell.swift; sourceTree = "<group>"; };
		DFF5353426450EE6009A1879 /* ParseIns.app */ = {isa = PBXFileReference; explicitFileType = wrapper.application; includeInIndex = 0; path = ParseIns.app; sourceTree = BUILT_PRODUCTS_DIR; };
		DFF5353726450EE6009A1879 /* AppDelegate.swift */ = {isa = PBXFileReference; lastKnownFileType = sourcecode.swift; path = AppDelegate.swift; sourceTree = "<group>"; };
		DFF5353926450EE6009A1879 /* SceneDelegate.swift */ = {isa = PBXFileReference; lastKnownFileType = sourcecode.swift; path = SceneDelegate.swift; sourceTree = "<group>"; };
		DFF5353E26450EE6009A1879 /* Base */ = {isa = PBXFileReference; lastKnownFileType = file.storyboard; name = Base; path = Base.lproj/Main.storyboard; sourceTree = "<group>"; };
		DFF5354026450EE9009A1879 /* Assets.xcassets */ = {isa = PBXFileReference; lastKnownFileType = folder.assetcatalog; path = Assets.xcassets; sourceTree = "<group>"; };
		DFF5354326450EE9009A1879 /* Base */ = {isa = PBXFileReference; lastKnownFileType = file.storyboard; name = Base; path = Base.lproj/LaunchScreen.storyboard; sourceTree = "<group>"; };
		DFF5354526450EE9009A1879 /* Info.plist */ = {isa = PBXFileReference; lastKnownFileType = text.plist.xml; path = Info.plist; sourceTree = "<group>"; };
		DFF5354A26450EE9009A1879 /* ParseInsTests.xctest */ = {isa = PBXFileReference; explicitFileType = wrapper.cfbundle; includeInIndex = 0; path = ParseInsTests.xctest; sourceTree = BUILT_PRODUCTS_DIR; };
		DFF5354E26450EE9009A1879 /* ParseInsTests.swift */ = {isa = PBXFileReference; lastKnownFileType = sourcecode.swift; path = ParseInsTests.swift; sourceTree = "<group>"; };
		DFF5355026450EE9009A1879 /* Info.plist */ = {isa = PBXFileReference; lastKnownFileType = text.plist.xml; path = Info.plist; sourceTree = "<group>"; };
		DFF5355526450EEA009A1879 /* ParseInsUITests.xctest */ = {isa = PBXFileReference; explicitFileType = wrapper.cfbundle; includeInIndex = 0; path = ParseInsUITests.xctest; sourceTree = BUILT_PRODUCTS_DIR; };
		DFF5355926450EEA009A1879 /* ParseInsUITests.swift */ = {isa = PBXFileReference; lastKnownFileType = sourcecode.swift; path = ParseInsUITests.swift; sourceTree = "<group>"; };
		DFF5355B26450EEA009A1879 /* Info.plist */ = {isa = PBXFileReference; lastKnownFileType = text.plist.xml; path = Info.plist; sourceTree = "<group>"; };
		DFF535672645120B009A1879 /* LoginViewController.swift */ = {isa = PBXFileReference; lastKnownFileType = sourcecode.swift; path = LoginViewController.swift; sourceTree = "<group>"; };
		DFF5356926451226009A1879 /* FeedViewController.swift */ = {isa = PBXFileReference; lastKnownFileType = sourcecode.swift; path = FeedViewController.swift; sourceTree = "<group>"; };
		DFF5356B26451E4B009A1879 /* CameraViewController.swift */ = {isa = PBXFileReference; lastKnownFileType = sourcecode.swift; path = CameraViewController.swift; sourceTree = "<group>"; };
		DFF5356D26453308009A1879 /* PostTableViewCell.swift */ = {isa = PBXFileReference; lastKnownFileType = sourcecode.swift; path = PostTableViewCell.swift; sourceTree = "<group>"; };
/* End PBXFileReference section */

/* Begin PBXFrameworksBuildPhase section */
		DFF5353126450EE6009A1879 /* Frameworks */ = {
			isa = PBXFrameworksBuildPhase;
			buildActionMask = 2147483647;
			files = (
				F5D10096871FBB7794DD9BE9 /* Pods_ParseIns.framework in Frameworks */,
			);
			runOnlyForDeploymentPostprocessing = 0;
		};
		DFF5354726450EE9009A1879 /* Frameworks */ = {
			isa = PBXFrameworksBuildPhase;
			buildActionMask = 2147483647;
			files = (
				A7CFFF0066084741A90DADC6 /* Pods_ParseInsTests.framework in Frameworks */,
			);
			runOnlyForDeploymentPostprocessing = 0;
		};
		DFF5355226450EEA009A1879 /* Frameworks */ = {
			isa = PBXFrameworksBuildPhase;
			buildActionMask = 2147483647;
			files = (
				2FC72CE7B70A086B6925B810 /* Pods_ParseIns_ParseInsUITests.framework in Frameworks */,
			);
			runOnlyForDeploymentPostprocessing = 0;
		};
/* End PBXFrameworksBuildPhase section */

/* Begin PBXGroup section */
		1BAFDF65734195EEB60EED03 /* Pods */ = {
			isa = PBXGroup;
			children = (
				76C85090D63E2B5787222D7C /* Pods-ParseIns.debug.xcconfig */,
				2DEE09D4EE8715FB698223C1 /* Pods-ParseIns.release.xcconfig */,
				D8EE77CF2935931C1C5115FD /* Pods-ParseIns-ParseInsUITests.debug.xcconfig */,
				9A64977C4E7EED4A500FD9BC /* Pods-ParseIns-ParseInsUITests.release.xcconfig */,
				6C7F2C60B76E395FB02BA1C8 /* Pods-ParseInsTests.debug.xcconfig */,
				CD94D94BBB6773D372ACBDE0 /* Pods-ParseInsTests.release.xcconfig */,
			);
			path = Pods;
			sourceTree = "<group>";
		};
		2FBCC417B48209A32B76D43B /* Frameworks */ = {
			isa = PBXGroup;
			children = (
				56AD3A58F54A0058CA6AE143 /* Pods_ParseIns.framework */,
				951B2F1F3F95397FE41D283B /* Pods_ParseIns_ParseInsUITests.framework */,
				C30CCF84CC735D2805BCEF82 /* Pods_ParseInsTests.framework */,
			);
			name = Frameworks;
			sourceTree = "<group>";
		};
		DFF5352B26450EE6009A1879 = {
			isa = PBXGroup;
			children = (
				DFF5353626450EE6009A1879 /* ParseIns */,
				DFF5354D26450EE9009A1879 /* ParseInsTests */,
				DFF5355826450EEA009A1879 /* ParseInsUITests */,
				DFF5353526450EE6009A1879 /* Products */,
				1BAFDF65734195EEB60EED03 /* Pods */,
				2FBCC417B48209A32B76D43B /* Frameworks */,
			);
			sourceTree = "<group>";
		};
		DFF5353526450EE6009A1879 /* Products */ = {
			isa = PBXGroup;
			children = (
				DFF5353426450EE6009A1879 /* ParseIns.app */,
				DFF5354A26450EE9009A1879 /* ParseInsTests.xctest */,
				DFF5355526450EEA009A1879 /* ParseInsUITests.xctest */,
			);
			name = Products;
			sourceTree = "<group>";
		};
		DFF5353626450EE6009A1879 /* ParseIns */ = {
			isa = PBXGroup;
			children = (
				DFF5353726450EE6009A1879 /* AppDelegate.swift */,
				DFF5353926450EE6009A1879 /* SceneDelegate.swift */,
				DFF5353D26450EE6009A1879 /* Main.storyboard */,
				DFF5354026450EE9009A1879 /* Assets.xcassets */,
				DFF5354226450EE9009A1879 /* LaunchScreen.storyboard */,
				DFF5354526450EE9009A1879 /* Info.plist */,
				DFF535672645120B009A1879 /* LoginViewController.swift */,
				DFF5356926451226009A1879 /* FeedViewController.swift */,
				DFF5356B26451E4B009A1879 /* CameraViewController.swift */,
				DFF5356D26453308009A1879 /* PostTableViewCell.swift */,
				DF694A28264D1F640044EF71 /* CommentCell.swift */,
			);
			path = ParseIns;
			sourceTree = "<group>";
		};
		DFF5354D26450EE9009A1879 /* ParseInsTests */ = {
			isa = PBXGroup;
			children = (
				DFF5354E26450EE9009A1879 /* ParseInsTests.swift */,
				DFF5355026450EE9009A1879 /* Info.plist */,
			);
			path = ParseInsTests;
			sourceTree = "<group>";
		};
		DFF5355826450EEA009A1879 /* ParseInsUITests */ = {
			isa = PBXGroup;
			children = (
				DFF5355926450EEA009A1879 /* ParseInsUITests.swift */,
				DFF5355B26450EEA009A1879 /* Info.plist */,
			);
			path = ParseInsUITests;
			sourceTree = "<group>";
		};
/* End PBXGroup section */

/* Begin PBXNativeTarget section */
		DFF5353326450EE6009A1879 /* ParseIns */ = {
			isa = PBXNativeTarget;
			buildConfigurationList = DFF5355E26450EEA009A1879 /* Build configuration list for PBXNativeTarget "ParseIns" */;
			buildPhases = (
				173CE00618D88644D244D06E /* [CP] Check Pods Manifest.lock */,
				DFF5353026450EE6009A1879 /* Sources */,
				DFF5353126450EE6009A1879 /* Frameworks */,
				DFF5353226450EE6009A1879 /* Resources */,
				5BB0D7855E02864700F5B063 /* [CP] Embed Pods Frameworks */,
			);
			buildRules = (
			);
			dependencies = (
			);
			name = ParseIns;
			productName = ParseIns;
			productReference = DFF5353426450EE6009A1879 /* ParseIns.app */;
			productType = "com.apple.product-type.application";
		};
		DFF5354926450EE9009A1879 /* ParseInsTests */ = {
			isa = PBXNativeTarget;
			buildConfigurationList = DFF5356126450EEA009A1879 /* Build configuration list for PBXNativeTarget "ParseInsTests" */;
			buildPhases = (
				7F6D7992093D2AF180AEA9BB /* [CP] Check Pods Manifest.lock */,
				DFF5354626450EE9009A1879 /* Sources */,
				DFF5354726450EE9009A1879 /* Frameworks */,
				DFF5354826450EE9009A1879 /* Resources */,
			);
			buildRules = (
			);
			dependencies = (
				DFF5354C26450EE9009A1879 /* PBXTargetDependency */,
			);
			name = ParseInsTests;
			productName = ParseInsTests;
			productReference = DFF5354A26450EE9009A1879 /* ParseInsTests.xctest */;
			productType = "com.apple.product-type.bundle.unit-test";
		};
		DFF5355426450EEA009A1879 /* ParseInsUITests */ = {
			isa = PBXNativeTarget;
			buildConfigurationList = DFF5356426450EEA009A1879 /* Build configuration list for PBXNativeTarget "ParseInsUITests" */;
			buildPhases = (
				0BEFE068936B030B71F0E788 /* [CP] Check Pods Manifest.lock */,
				DFF5355126450EEA009A1879 /* Sources */,
				DFF5355226450EEA009A1879 /* Frameworks */,
				DFF5355326450EEA009A1879 /* Resources */,
				EFDB73EE8CBE001FB8042CAA /* [CP] Embed Pods Frameworks */,
			);
			buildRules = (
			);
			dependencies = (
				DFF5355726450EEA009A1879 /* PBXTargetDependency */,
			);
			name = ParseInsUITests;
			productName = ParseInsUITests;
			productReference = DFF5355526450EEA009A1879 /* ParseInsUITests.xctest */;
			productType = "com.apple.product-type.bundle.ui-testing";
		};
/* End PBXNativeTarget section */

/* Begin PBXProject section */
		DFF5352C26450EE6009A1879 /* Project object */ = {
			isa = PBXProject;
			attributes = {
				LastSwiftUpdateCheck = 1250;
				LastUpgradeCheck = 1250;
				TargetAttributes = {
					DFF5353326450EE6009A1879 = {
						CreatedOnToolsVersion = 12.5;
					};
					DFF5354926450EE9009A1879 = {
						CreatedOnToolsVersion = 12.5;
						TestTargetID = DFF5353326450EE6009A1879;
					};
					DFF5355426450EEA009A1879 = {
						CreatedOnToolsVersion = 12.5;
						TestTargetID = DFF5353326450EE6009A1879;
					};
				};
			};
			buildConfigurationList = DFF5352F26450EE6009A1879 /* Build configuration list for PBXProject "ParseIns" */;
			compatibilityVersion = "Xcode 9.3";
			developmentRegion = en;
			hasScannedForEncodings = 0;
			knownRegions = (
				en,
				Base,
			);
			mainGroup = DFF5352B26450EE6009A1879;
			productRefGroup = DFF5353526450EE6009A1879 /* Products */;
			projectDirPath = "";
			projectRoot = "";
			targets = (
				DFF5353326450EE6009A1879 /* ParseIns */,
				DFF5354926450EE9009A1879 /* ParseInsTests */,
				DFF5355426450EEA009A1879 /* ParseInsUITests */,
			);
		};
/* End PBXProject section */

/* Begin PBXResourcesBuildPhase section */
		DFF5353226450EE6009A1879 /* Resources */ = {
			isa = PBXResourcesBuildPhase;
			buildActionMask = 2147483647;
			files = (
				DFF5354426450EE9009A1879 /* LaunchScreen.storyboard in Resources */,
				DFF5354126450EE9009A1879 /* Assets.xcassets in Resources */,
				DFF5353F26450EE6009A1879 /* Main.storyboard in Resources */,
			);
			runOnlyForDeploymentPostprocessing = 0;
		};
		DFF5354826450EE9009A1879 /* Resources */ = {
			isa = PBXResourcesBuildPhase;
			buildActionMask = 2147483647;
			files = (
			);
			runOnlyForDeploymentPostprocessing = 0;
		};
		DFF5355326450EEA009A1879 /* Resources */ = {
			isa = PBXResourcesBuildPhase;
			buildActionMask = 2147483647;
			files = (
			);
			runOnlyForDeploymentPostprocessing = 0;
		};
/* End PBXResourcesBuildPhase section */

/* Begin PBXShellScriptBuildPhase section */
		0BEFE068936B030B71F0E788 /* [CP] Check Pods Manifest.lock */ = {
			isa = PBXShellScriptBuildPhase;
			buildActionMask = 2147483647;
			files = (
			);
			inputFileListPaths = (
			);
			inputPaths = (
				"${PODS_PODFILE_DIR_PATH}/Podfile.lock",
				"${PODS_ROOT}/Manifest.lock",
			);
			name = "[CP] Check Pods Manifest.lock";
			outputFileListPaths = (
			);
			outputPaths = (
				"$(DERIVED_FILE_DIR)/Pods-ParseIns-ParseInsUITests-checkManifestLockResult.txt",
			);
			runOnlyForDeploymentPostprocessing = 0;
			shellPath = /bin/sh;
			shellScript = "diff \"${PODS_PODFILE_DIR_PATH}/Podfile.lock\" \"${PODS_ROOT}/Manifest.lock\" > /dev/null\nif [ $? != 0 ] ; then\n    # print error to STDERR\n    echo \"error: The sandbox is not in sync with the Podfile.lock. Run 'pod install' or update your CocoaPods installation.\" >&2\n    exit 1\nfi\n# This output is used by Xcode 'outputs' to avoid re-running this script phase.\necho \"SUCCESS\" > \"${SCRIPT_OUTPUT_FILE_0}\"\n";
			showEnvVarsInLog = 0;
		};
		173CE00618D88644D244D06E /* [CP] Check Pods Manifest.lock */ = {
			isa = PBXShellScriptBuildPhase;
			buildActionMask = 2147483647;
			files = (
			);
			inputFileListPaths = (
			);
			inputPaths = (
				"${PODS_PODFILE_DIR_PATH}/Podfile.lock",
				"${PODS_ROOT}/Manifest.lock",
			);
			name = "[CP] Check Pods Manifest.lock";
			outputFileListPaths = (
			);
			outputPaths = (
				"$(DERIVED_FILE_DIR)/Pods-ParseIns-checkManifestLockResult.txt",
			);
			runOnlyForDeploymentPostprocessing = 0;
			shellPath = /bin/sh;
			shellScript = "diff \"${PODS_PODFILE_DIR_PATH}/Podfile.lock\" \"${PODS_ROOT}/Manifest.lock\" > /dev/null\nif [ $? != 0 ] ; then\n    # print error to STDERR\n    echo \"error: The sandbox is not in sync with the Podfile.lock. Run 'pod install' or update your CocoaPods installation.\" >&2\n    exit 1\nfi\n# This output is used by Xcode 'outputs' to avoid re-running this script phase.\necho \"SUCCESS\" > \"${SCRIPT_OUTPUT_FILE_0}\"\n";
			showEnvVarsInLog = 0;
		};
		5BB0D7855E02864700F5B063 /* [CP] Embed Pods Frameworks */ = {
			isa = PBXShellScriptBuildPhase;
			buildActionMask = 2147483647;
			files = (
			);
			inputFileListPaths = (
				"${PODS_ROOT}/Target Support Files/Pods-ParseIns/Pods-ParseIns-frameworks-${CONFIGURATION}-input-files.xcfilelist",
			);
			name = "[CP] Embed Pods Frameworks";
			outputFileListPaths = (
				"${PODS_ROOT}/Target Support Files/Pods-ParseIns/Pods-ParseIns-frameworks-${CONFIGURATION}-output-files.xcfilelist",
			);
			runOnlyForDeploymentPostprocessing = 0;
			shellPath = /bin/sh;
			shellScript = "\"${PODS_ROOT}/Target Support Files/Pods-ParseIns/Pods-ParseIns-frameworks.sh\"\n";
			showEnvVarsInLog = 0;
		};
		7F6D7992093D2AF180AEA9BB /* [CP] Check Pods Manifest.lock */ = {
			isa = PBXShellScriptBuildPhase;
			buildActionMask = 2147483647;
			files = (
			);
			inputFileListPaths = (
			);
			inputPaths = (
				"${PODS_PODFILE_DIR_PATH}/Podfile.lock",
				"${PODS_ROOT}/Manifest.lock",
			);
			name = "[CP] Check Pods Manifest.lock";
			outputFileListPaths = (
			);
			outputPaths = (
				"$(DERIVED_FILE_DIR)/Pods-ParseInsTests-checkManifestLockResult.txt",
			);
			runOnlyForDeploymentPostprocessing = 0;
			shellPath = /bin/sh;
			shellScript = "diff \"${PODS_PODFILE_DIR_PATH}/Podfile.lock\" \"${PODS_ROOT}/Manifest.lock\" > /dev/null\nif [ $? != 0 ] ; then\n    # print error to STDERR\n    echo \"error: The sandbox is not in sync with the Podfile.lock. Run 'pod install' or update your CocoaPods installation.\" >&2\n    exit 1\nfi\n# This output is used by Xcode 'outputs' to avoid re-running this script phase.\necho \"SUCCESS\" > \"${SCRIPT_OUTPUT_FILE_0}\"\n";
			showEnvVarsInLog = 0;
		};
		EFDB73EE8CBE001FB8042CAA /* [CP] Embed Pods Frameworks */ = {
			isa = PBXShellScriptBuildPhase;
			buildActionMask = 2147483647;
			files = (
			);
			inputFileListPaths = (
				"${PODS_ROOT}/Target Support Files/Pods-ParseIns-ParseInsUITests/Pods-ParseIns-ParseInsUITests-frameworks-${CONFIGURATION}-input-files.xcfilelist",
			);
			name = "[CP] Embed Pods Frameworks";
			outputFileListPaths = (
				"${PODS_ROOT}/Target Support Files/Pods-ParseIns-ParseInsUITests/Pods-ParseIns-ParseInsUITests-frameworks-${CONFIGURATION}-output-files.xcfilelist",
			);
			runOnlyForDeploymentPostprocessing = 0;
			shellPath = /bin/sh;
			shellScript = "\"${PODS_ROOT}/Target Support Files/Pods-ParseIns-ParseInsUITests/Pods-ParseIns-ParseInsUITests-frameworks.sh\"\n";
			showEnvVarsInLog = 0;
		};
/* End PBXShellScriptBuildPhase section */

/* Begin PBXSourcesBuildPhase section */
		DFF5353026450EE6009A1879 /* Sources */ = {
			isa = PBXSourcesBuildPhase;
			buildActionMask = 2147483647;
			files = (
				DFF535682645120B009A1879 /* LoginViewController.swift in Sources */,
				DFF5356C26451E4B009A1879 /* CameraViewController.swift in Sources */,
				DFF5353826450EE6009A1879 /* AppDelegate.swift in Sources */,
				DFF5356A26451226009A1879 /* FeedViewController.swift in Sources */,
				DFF5353A26450EE6009A1879 /* SceneDelegate.swift in Sources */,
				DFF5356E26453308009A1879 /* PostTableViewCell.swift in Sources */,
				DF694A29264D1F640044EF71 /* CommentCell.swift in Sources */,
			);
			runOnlyForDeploymentPostprocessing = 0;
		};
		DFF5354626450EE9009A1879 /* Sources */ = {
			isa = PBXSourcesBuildPhase;
			buildActionMask = 2147483647;
			files = (
				DFF5354F26450EE9009A1879 /* ParseInsTests.swift in Sources */,
			);
			runOnlyForDeploymentPostprocessing = 0;
		};
		DFF5355126450EEA009A1879 /* Sources */ = {
			isa = PBXSourcesBuildPhase;
			buildActionMask = 2147483647;
			files = (
				DFF5355A26450EEA009A1879 /* ParseInsUITests.swift in Sources */,
			);
			runOnlyForDeploymentPostprocessing = 0;
		};
/* End PBXSourcesBuildPhase section */

/* Begin PBXTargetDependency section */
		DFF5354C26450EE9009A1879 /* PBXTargetDependency */ = {
			isa = PBXTargetDependency;
			target = DFF5353326450EE6009A1879 /* ParseIns */;
			targetProxy = DFF5354B26450EE9009A1879 /* PBXContainerItemProxy */;
		};
		DFF5355726450EEA009A1879 /* PBXTargetDependency */ = {
			isa = PBXTargetDependency;
			target = DFF5353326450EE6009A1879 /* ParseIns */;
			targetProxy = DFF5355626450EEA009A1879 /* PBXContainerItemProxy */;
		};
/* End PBXTargetDependency section */

/* Begin PBXVariantGroup section */
		DFF5353D26450EE6009A1879 /* Main.storyboard */ = {
			isa = PBXVariantGroup;
			children = (
				DFF5353E26450EE6009A1879 /* Base */,
			);
			name = Main.storyboard;
			sourceTree = "<group>";
		};
		DFF5354226450EE9009A1879 /* LaunchScreen.storyboard */ = {
			isa = PBXVariantGroup;
			children = (
				DFF5354326450EE9009A1879 /* Base */,
			);
			name = LaunchScreen.storyboard;
			sourceTree = "<group>";
		};
/* End PBXVariantGroup section */

/* Begin XCBuildConfiguration section */
		DFF5355C26450EEA009A1879 /* Debug */ = {
			isa = XCBuildConfiguration;
			buildSettings = {
				ALWAYS_SEARCH_USER_PATHS = NO;
				CLANG_ANALYZER_NONNULL = YES;
				CLANG_ANALYZER_NUMBER_OBJECT_CONVERSION = YES_AGGRESSIVE;
				CLANG_CXX_LANGUAGE_STANDARD = "gnu++14";
				CLANG_CXX_LIBRARY = "libc++";
				CLANG_ENABLE_MODULES = YES;
				CLANG_ENABLE_OBJC_ARC = YES;
				CLANG_ENABLE_OBJC_WEAK = YES;
				CLANG_WARN_BLOCK_CAPTURE_AUTORELEASING = YES;
				CLANG_WARN_BOOL_CONVERSION = YES;
				CLANG_WARN_COMMA = YES;
				CLANG_WARN_CONSTANT_CONVERSION = YES;
				CLANG_WARN_DEPRECATED_OBJC_IMPLEMENTATIONS = YES;
				CLANG_WARN_DIRECT_OBJC_ISA_USAGE = YES_ERROR;
				CLANG_WARN_DOCUMENTATION_COMMENTS = YES;
				CLANG_WARN_EMPTY_BODY = YES;
				CLANG_WARN_ENUM_CONVERSION = YES;
				CLANG_WARN_INFINITE_RECURSION = YES;
				CLANG_WARN_INT_CONVERSION = YES;
				CLANG_WARN_NON_LITERAL_NULL_CONVERSION = YES;
				CLANG_WARN_OBJC_IMPLICIT_RETAIN_SELF = YES;
				CLANG_WARN_OBJC_LITERAL_CONVERSION = YES;
				CLANG_WARN_OBJC_ROOT_CLASS = YES_ERROR;
				CLANG_WARN_QUOTED_INCLUDE_IN_FRAMEWORK_HEADER = YES;
				CLANG_WARN_RANGE_LOOP_ANALYSIS = YES;
				CLANG_WARN_STRICT_PROTOTYPES = YES;
				CLANG_WARN_SUSPICIOUS_MOVE = YES;
				CLANG_WARN_UNGUARDED_AVAILABILITY = YES_AGGRESSIVE;
				CLANG_WARN_UNREACHABLE_CODE = YES;
				CLANG_WARN__DUPLICATE_METHOD_MATCH = YES;
				COPY_PHASE_STRIP = NO;
				DEBUG_INFORMATION_FORMAT = dwarf;
				ENABLE_STRICT_OBJC_MSGSEND = YES;
				ENABLE_TESTABILITY = YES;
				GCC_C_LANGUAGE_STANDARD = gnu11;
				GCC_DYNAMIC_NO_PIC = NO;
				GCC_NO_COMMON_BLOCKS = YES;
				GCC_OPTIMIZATION_LEVEL = 0;
				GCC_PREPROCESSOR_DEFINITIONS = (
					"DEBUG=1",
					"$(inherited)",
				);
				GCC_WARN_64_TO_32_BIT_CONVERSION = YES;
				GCC_WARN_ABOUT_RETURN_TYPE = YES_ERROR;
				GCC_WARN_UNDECLARED_SELECTOR = YES;
				GCC_WARN_UNINITIALIZED_AUTOS = YES_AGGRESSIVE;
				GCC_WARN_UNUSED_FUNCTION = YES;
				GCC_WARN_UNUSED_VARIABLE = YES;
				IPHONEOS_DEPLOYMENT_TARGET = 14.5;
				MTL_ENABLE_DEBUG_INFO = INCLUDE_SOURCE;
				MTL_FAST_MATH = YES;
				ONLY_ACTIVE_ARCH = YES;
				SDKROOT = iphoneos;
				SWIFT_ACTIVE_COMPILATION_CONDITIONS = DEBUG;
				SWIFT_OPTIMIZATION_LEVEL = "-Onone";
			};
			name = Debug;
		};
		DFF5355D26450EEA009A1879 /* Release */ = {
			isa = XCBuildConfiguration;
			buildSettings = {
				ALWAYS_SEARCH_USER_PATHS = NO;
				CLANG_ANALYZER_NONNULL = YES;
				CLANG_ANALYZER_NUMBER_OBJECT_CONVERSION = YES_AGGRESSIVE;
				CLANG_CXX_LANGUAGE_STANDARD = "gnu++14";
				CLANG_CXX_LIBRARY = "libc++";
				CLANG_ENABLE_MODULES = YES;
				CLANG_ENABLE_OBJC_ARC = YES;
				CLANG_ENABLE_OBJC_WEAK = YES;
				CLANG_WARN_BLOCK_CAPTURE_AUTORELEASING = YES;
				CLANG_WARN_BOOL_CONVERSION = YES;
				CLANG_WARN_COMMA = YES;
				CLANG_WARN_CONSTANT_CONVERSION = YES;
				CLANG_WARN_DEPRECATED_OBJC_IMPLEMENTATIONS = YES;
				CLANG_WARN_DIRECT_OBJC_ISA_USAGE = YES_ERROR;
				CLANG_WARN_DOCUMENTATION_COMMENTS = YES;
				CLANG_WARN_EMPTY_BODY = YES;
				CLANG_WARN_ENUM_CONVERSION = YES;
				CLANG_WARN_INFINITE_RECURSION = YES;
				CLANG_WARN_INT_CONVERSION = YES;
				CLANG_WARN_NON_LITERAL_NULL_CONVERSION = YES;
				CLANG_WARN_OBJC_IMPLICIT_RETAIN_SELF = YES;
				CLANG_WARN_OBJC_LITERAL_CONVERSION = YES;
				CLANG_WARN_OBJC_ROOT_CLASS = YES_ERROR;
				CLANG_WARN_QUOTED_INCLUDE_IN_FRAMEWORK_HEADER = YES;
				CLANG_WARN_RANGE_LOOP_ANALYSIS = YES;
				CLANG_WARN_STRICT_PROTOTYPES = YES;
				CLANG_WARN_SUSPICIOUS_MOVE = YES;
				CLANG_WARN_UNGUARDED_AVAILABILITY = YES_AGGRESSIVE;
				CLANG_WARN_UNREACHABLE_CODE = YES;
				CLANG_WARN__DUPLICATE_METHOD_MATCH = YES;
				COPY_PHASE_STRIP = NO;
				DEBUG_INFORMATION_FORMAT = "dwarf-with-dsym";
				ENABLE_NS_ASSERTIONS = NO;
				ENABLE_STRICT_OBJC_MSGSEND = YES;
				GCC_C_LANGUAGE_STANDARD = gnu11;
				GCC_NO_COMMON_BLOCKS = YES;
				GCC_WARN_64_TO_32_BIT_CONVERSION = YES;
				GCC_WARN_ABOUT_RETURN_TYPE = YES_ERROR;
				GCC_WARN_UNDECLARED_SELECTOR = YES;
				GCC_WARN_UNINITIALIZED_AUTOS = YES_AGGRESSIVE;
				GCC_WARN_UNUSED_FUNCTION = YES;
				GCC_WARN_UNUSED_VARIABLE = YES;
				IPHONEOS_DEPLOYMENT_TARGET = 14.5;
				MTL_ENABLE_DEBUG_INFO = NO;
				MTL_FAST_MATH = YES;
				SDKROOT = iphoneos;
				SWIFT_COMPILATION_MODE = wholemodule;
				SWIFT_OPTIMIZATION_LEVEL = "-O";
				VALIDATE_PRODUCT = YES;
			};
			name = Release;
		};
		DFF5355F26450EEA009A1879 /* Debug */ = {
			isa = XCBuildConfiguration;
			baseConfigurationReference = 76C85090D63E2B5787222D7C /* Pods-ParseIns.debug.xcconfig */;
			buildSettings = {
				ASSETCATALOG_COMPILER_APPICON_NAME = AppIcon;
				ASSETCATALOG_COMPILER_GLOBAL_ACCENT_COLOR_NAME = AccentColor;
				CODE_SIGN_STYLE = Automatic;
				DEVELOPMENT_TEAM = UK2YAZ2NB4;
				INFOPLIST_FILE = ParseIns/Info.plist;
				LD_RUNPATH_SEARCH_PATHS = (
					"$(inherited)",
					"@executable_path/Frameworks",
				);
				PRODUCT_BUNDLE_IDENTIFIER = com.hunterxia.ParseIns;
				PRODUCT_NAME = "$(TARGET_NAME)";
				SWIFT_VERSION = 5.0;
				TARGETED_DEVICE_FAMILY = "1,2";
			};
			name = Debug;
		};
		DFF5356026450EEA009A1879 /* Release */ = {
			isa = XCBuildConfiguration;
			baseConfigurationReference = 2DEE09D4EE8715FB698223C1 /* Pods-ParseIns.release.xcconfig */;
			buildSettings = {
				ASSETCATALOG_COMPILER_APPICON_NAME = AppIcon;
				ASSETCATALOG_COMPILER_GLOBAL_ACCENT_COLOR_NAME = AccentColor;
				CODE_SIGN_STYLE = Automatic;
				DEVELOPMENT_TEAM = UK2YAZ2NB4;
				INFOPLIST_FILE = ParseIns/Info.plist;
				LD_RUNPATH_SEARCH_PATHS = (
					"$(inherited)",
					"@executable_path/Frameworks",
				);
				PRODUCT_BUNDLE_IDENTIFIER = com.hunterxia.ParseIns;
				PRODUCT_NAME = "$(TARGET_NAME)";
				SWIFT_VERSION = 5.0;
				TARGETED_DEVICE_FAMILY = "1,2";
			};
			name = Release;
		};
		DFF5356226450EEA009A1879 /* Debug */ = {
			isa = XCBuildConfiguration;
			baseConfigurationReference = 6C7F2C60B76E395FB02BA1C8 /* Pods-ParseInsTests.debug.xcconfig */;
			buildSettings = {
				ALWAYS_EMBED_SWIFT_STANDARD_LIBRARIES = YES;
				BUNDLE_LOADER = "$(TEST_HOST)";
				CODE_SIGN_STYLE = Automatic;
				DEVELOPMENT_TEAM = UK2YAZ2NB4;
				INFOPLIST_FILE = ParseInsTests/Info.plist;
				IPHONEOS_DEPLOYMENT_TARGET = 14.5;
				LD_RUNPATH_SEARCH_PATHS = (
					"$(inherited)",
					"@executable_path/Frameworks",
					"@loader_path/Frameworks",
				);
				PRODUCT_BUNDLE_IDENTIFIER = com.hunterxia.ParseInsTests;
				PRODUCT_NAME = "$(TARGET_NAME)";
				SWIFT_VERSION = 5.0;
				TARGETED_DEVICE_FAMILY = "1,2";
				TEST_HOST = "$(BUILT_PRODUCTS_DIR)/ParseIns.app/ParseIns";
			};
			name = Debug;
		};
		DFF5356326450EEA009A1879 /* Release */ = {
			isa = XCBuildConfiguration;
			baseConfigurationReference = CD94D94BBB6773D372ACBDE0 /* Pods-ParseInsTests.release.xcconfig */;
			buildSettings = {
				ALWAYS_EMBED_SWIFT_STANDARD_LIBRARIES = YES;
				BUNDLE_LOADER = "$(TEST_HOST)";
				CODE_SIGN_STYLE = Automatic;
				DEVELOPMENT_TEAM = UK2YAZ2NB4;
				INFOPLIST_FILE = ParseInsTests/Info.plist;
				IPHONEOS_DEPLOYMENT_TARGET = 14.5;
				LD_RUNPATH_SEARCH_PATHS = (
					"$(inherited)",
					"@executable_path/Frameworks",
					"@loader_path/Frameworks",
				);
				PRODUCT_BUNDLE_IDENTIFIER = com.hunterxia.ParseInsTests;
				PRODUCT_NAME = "$(TARGET_NAME)";
				SWIFT_VERSION = 5.0;
				TARGETED_DEVICE_FAMILY = "1,2";
				TEST_HOST = "$(BUILT_PRODUCTS_DIR)/ParseIns.app/ParseIns";
			};
			name = Release;
		};
		DFF5356526450EEA009A1879 /* Debug */ = {
			isa = XCBuildConfiguration;
			baseConfigurationReference = D8EE77CF2935931C1C5115FD /* Pods-ParseIns-ParseInsUITests.debug.xcconfig */;
			buildSettings = {
				ALWAYS_EMBED_SWIFT_STANDARD_LIBRARIES = YES;
				CODE_SIGN_STYLE = Automatic;
				DEVELOPMENT_TEAM = UK2YAZ2NB4;
				INFOPLIST_FILE = ParseInsUITests/Info.plist;
				LD_RUNPATH_SEARCH_PATHS = (
					"$(inherited)",
					"@executable_path/Frameworks",
					"@loader_path/Frameworks",
				);
				PRODUCT_BUNDLE_IDENTIFIER = com.hunterxia.ParseInsUITests;
				PRODUCT_NAME = "$(TARGET_NAME)";
				SWIFT_VERSION = 5.0;
				TARGETED_DEVICE_FAMILY = "1,2";
				TEST_TARGET_NAME = ParseIns;
			};
			name = Debug;
		};
		DFF5356626450EEA009A1879 /* Release */ = {
			isa = XCBuildConfiguration;
			baseConfigurationReference = 9A64977C4E7EED4A500FD9BC /* Pods-ParseIns-ParseInsUITests.release.xcconfig */;
			buildSettings = {
				ALWAYS_EMBED_SWIFT_STANDARD_LIBRARIES = YES;
				CODE_SIGN_STYLE = Automatic;
				DEVELOPMENT_TEAM = UK2YAZ2NB4;
				INFOPLIST_FILE = ParseInsUITests/Info.plist;
				LD_RUNPATH_SEARCH_PATHS = (
					"$(inherited)",
					"@executable_path/Frameworks",
					"@loader_path/Frameworks",
				);
				PRODUCT_BUNDLE_IDENTIFIER = com.hunterxia.ParseInsUITests;
				PRODUCT_NAME = "$(TARGET_NAME)";
				SWIFT_VERSION = 5.0;
				TARGETED_DEVICE_FAMILY = "1,2";
				TEST_TARGET_NAME = ParseIns;
			};
			name = Release;
		};
/* End XCBuildConfiguration section */

/* Begin XCConfigurationList section */
		DFF5352F26450EE6009A1879 /* Build configuration list for PBXProject "ParseIns" */ = {
			isa = XCConfigurationList;
			buildConfigurations = (
				DFF5355C26450EEA009A1879 /* Debug */,
				DFF5355D26450EEA009A1879 /* Release */,
			);
			defaultConfigurationIsVisible = 0;
			defaultConfigurationName = Release;
		};
		DFF5355E26450EEA009A1879 /* Build configuration list for PBXNativeTarget "ParseIns" */ = {
			isa = XCConfigurationList;
			buildConfigurations = (
				DFF5355F26450EEA009A1879 /* Debug */,
				DFF5356026450EEA009A1879 /* Release */,
			);
			defaultConfigurationIsVisible = 0;
			defaultConfigurationName = Release;
		};
		DFF5356126450EEA009A1879 /* Build configuration list for PBXNativeTarget "ParseInsTests" */ = {
			isa = XCConfigurationList;
			buildConfigurations = (
				DFF5356226450EEA009A1879 /* Debug */,
				DFF5356326450EEA009A1879 /* Release */,
			);
			defaultConfigurationIsVisible = 0;
			defaultConfigurationName = Release;
		};
		DFF5356426450EEA009A1879 /* Build configuration list for PBXNativeTarget "ParseInsUITests" */ = {
			isa = XCConfigurationList;
			buildConfigurations = (
				DFF5356526450EEA009A1879 /* Debug */,
				DFF5356626450EEA009A1879 /* Release */,
			);
			defaultConfigurationIsVisible = 0;
			defaultConfigurationName = Release;
		};
/* End XCConfigurationList section */
	};
	rootObject = DFF5352C26450EE6009A1879 /* Project object */;
}
